
Microsoft Visual Studio Solution File, Format Version 12.00
# Visual Studio 2013
VisualStudioVersion = 12.0.31101.0
MinimumVisualStudioVersion = 10.0.40219.1
Project("{8BC9CEB8-8B4A-11D0-8D11-00A0C91BC942}") = "gg001-Triangle", "Projects\gg001-Triangle\gg001-Triangle_2010.vcxproj", "{D3D11108-96D0-4629-88B8-122C0256058C}"
EndProject
Project("{8BC9CEB8-8B4A-11D0-8D11-00A0C91BC942}") = "Effects11", "Projects\Effects11\Effects11_2010.vcxproj", "{DF460EAB-570D-4B50-9089-2E2FC801BF38}"
EndProject
Project("{8BC9CEB8-8B4A-11D0-8D11-00A0C91BC942}") = "gg002-Effect", "Projects\gg002-Effect\gg002-Effect_2010.vcxproj", "{1E4BA5F7-6CDD-4CCD-8E95-7EDB1137B834}"
EndProject
Project("{8BC9CEB8-8B4A-11D0-8D11-00A0C91BC942}") = "Egg", "Projects\Egg\Egg_2010.vcxproj", "{40ACE6B2-A1E8-4078-86F5-494C03BC7198}"
EndProject
Project("{8BC9CEB8-8B4A-11D0-8D11-00A0C91BC942}") = "gg003-Egg", "Projects\gg003-Egg\gg003-Egg_2010.vcxproj", "{0D8EF822-E7C2-4B9B-B250-866B37DF2ECA}"
EndProject
Project("{8BC9CEB8-8B4A-11D0-8D11-00A0C91BC942}") = "gg004-Mesh", "Projects\gg004-Mesh\gg004-Mesh_2010.vcxproj", "{96F3A665-B59C-4329-AFB1-63B16A724630}"
EndProject
Project("{8BC9CEB8-8B4A-11D0-8D11-00A0C91BC942}") = "gg005-Cam", "Projects\gg005-Cam\gg005-Cam_2010.vcxproj", "{AF0F23D1-0F1F-454C-9962-097434239C20}"
EndProject
Project("{2150E333-8FDC-42A3-9474-1A3956D46DE8}") = "fx", "fx", "{D2C31C29-41A5-4617-AC87-8AD9C62E74F3}"
	ProjectSection(SolutionItems) = preProject
		fx\basic.fx = fx\basic.fx
		fx\billboard.fx = fx\billboard.fx
		fx\blendStates.fx = fx\blendStates.fx
		fx\depthStencilStates.fx = fx\depthStencilStates.fx
		fx\displacement.fx = fx\displacement.fx
		fx\envmapped.fx = fx\envmapped.fx
		fx\multipass.fx = fx\multipass.fx
		fx\rasterizerStates.fx = fx\rasterizerStates.fx
		fx\shaded.fx = fx\shaded.fx
		fx\textured.fx = fx\textured.fx
	EndProjectSection
EndProject
Project("{8BC9CEB8-8B4A-11D0-8D11-00A0C91BC942}") = "gg006-Shade", "Projects\gg006-Shade\gg006-Shade_2010.vcxproj", "{1B07506A-99A7-421B-8CF5-B6B68DA4ACFB}"
EndProject
Project("{8BC9CEB8-8B4A-11D0-8D11-00A0C91BC942}") = "gg007-Texture", "Projects\gg007-Texture\gg007-Texture_2010.vcxproj", "{C35A2412-4477-42EE-8883-2BFF5AF483EE}"
EndProject
Project("{8BC9CEB8-8B4A-11D0-8D11-00A0C91BC942}") = "gg008-EnvMap", "Projects\gg008-EnvMap\gg008-EnvMap_2010.vcxproj", "{BB594477-3EA8-4302-B2E2-3FF96D96623A}"
EndProject
Project("{8BC9CEB8-8B4A-11D0-8D11-00A0C91BC942}") = "gg011-Particles", "Projects\gg011-Particles\gg011-Particles_2010.vcxproj", "{382A2B10-2302-4617-9A32-364DA9B4F409}"
EndProject
Project("{8BC9CEB8-8B4A-11D0-8D11-00A0C91BC942}") = "gg012-Multipass", "Projects\gg012-Multipass\gg012-Multipass_2010.vcxproj", "{2224F7B8-1EBE-4E8E-94E1-0AEACBD0C316}"
EndProject
Project("{8BC9CEB8-8B4A-11D0-8D11-00A0C91BC942}") = "gg013-RenderEngine", "Projects\gg013-RenderEngine\gg013-RenderEngine_2010.vcxproj", "{B2491E16-3F04-4EE4-AFA4-470BEB10501A}"
EndProject
Project("{8BC9CEB8-8B4A-11D0-8D11-00A0C91BC942}") = "gg014-Script", "Projects\gg014-Script\gg014-Script_2010.vcxproj", "{CE390AE5-4657-4948-B640-2C498A554436}"
EndProject
Project("{8BC9CEB8-8B4A-11D0-8D11-00A0C91BC942}") = "LuaBind", "Projects\LuaBind\LuaBind.vcxproj", "{CB50B522-876F-4B70-9EC4-5B0C735323D9}"
EndProject
Project("{8BC9CEB8-8B4A-11D0-8D11-00A0C91BC942}") = "gg015-Physics", "Projects\gg015-Physics\gg015-Physics_2010.vcxproj", "{3B740CD6-BFE4-4CC7-B976-74F9D41B9C7C}"
EndProject
Project("{8BC9CEB8-8B4A-11D0-8D11-00A0C91BC942}") = "gg016-Control", "Projects\gg016-Control\gg016-Control_2010.vcxproj", "{B261EBCC-332B-4C9D-95AC-415109C49420}"
EndProject
Project("{8BC9CEB8-8B4A-11D0-8D11-00A0C91BC942}") = "gg017-Displacement", "Projects\gg017-Displacement\gg017-Displacement_2010.vcxproj", "{4C5DEE87-7953-4343-8072-C4ED26BFA7EC}"
EndProject
Global
	GlobalSection(SolutionConfigurationPlatforms) = preSolution
		Debug|Win32 = Debug|Win32
		Debug|x64 = Debug|x64
		Profile|Win32 = Profile|Win32
		Profile|x64 = Profile|x64
		Release|Win32 = Release|Win32
		Release|x64 = Release|x64
	EndGlobalSection
	GlobalSection(ProjectConfigurationPlatforms) = postSolution
		{D3D11108-96D0-4629-88B8-122C0256058C}.Debug|Win32.ActiveCfg = Debug|Win32
		{D3D11108-96D0-4629-88B8-122C0256058C}.Debug|Win32.Build.0 = Debug|Win32
		{D3D11108-96D0-4629-88B8-122C0256058C}.Debug|x64.ActiveCfg = Debug|x64
		{D3D11108-96D0-4629-88B8-122C0256058C}.Debug|x64.Build.0 = Debug|x64
		{D3D11108-96D0-4629-88B8-122C0256058C}.Profile|Win32.ActiveCfg = Profile|Win32
		{D3D11108-96D0-4629-88B8-122C0256058C}.Profile|Win32.Build.0 = Profile|Win32
		{D3D11108-96D0-4629-88B8-122C0256058C}.Profile|x64.ActiveCfg = Profile|x64
		{D3D11108-96D0-4629-88B8-122C0256058C}.Profile|x64.Build.0 = Profile|x64
		{D3D11108-96D0-4629-88B8-122C0256058C}.Release|Win32.ActiveCfg = Release|Win32
		{D3D11108-96D0-4629-88B8-122C0256058C}.Release|Win32.Build.0 = Release|Win32
		{D3D11108-96D0-4629-88B8-122C0256058C}.Release|x64.ActiveCfg = Release|x64
		{D3D11108-96D0-4629-88B8-122C0256058C}.Release|x64.Build.0 = Release|x64
		{DF460EAB-570D-4B50-9089-2E2FC801BF38}.Debug|Win32.ActiveCfg = Debug|Win32
		{DF460EAB-570D-4B50-9089-2E2FC801BF38}.Debug|Win32.Build.0 = Debug|Win32
		{DF460EAB-570D-4B50-9089-2E2FC801BF38}.Debug|x64.ActiveCfg = Debug|x64
		{DF460EAB-570D-4B50-9089-2E2FC801BF38}.Debug|x64.Build.0 = Debug|x64
		{DF460EAB-570D-4B50-9089-2E2FC801BF38}.Profile|Win32.ActiveCfg = Profile|Win32
		{DF460EAB-570D-4B50-9089-2E2FC801BF38}.Profile|Win32.Build.0 = Profile|Win32
		{DF460EAB-570D-4B50-9089-2E2FC801BF38}.Profile|x64.ActiveCfg = Profile|x64
		{DF460EAB-570D-4B50-9089-2E2FC801BF38}.Profile|x64.Build.0 = Profile|x64
		{DF460EAB-570D-4B50-9089-2E2FC801BF38}.Release|Win32.ActiveCfg = Release|Win32
		{DF460EAB-570D-4B50-9089-2E2FC801BF38}.Release|Win32.Build.0 = Release|Win32
		{DF460EAB-570D-4B50-9089-2E2FC801BF38}.Release|x64.ActiveCfg = Release|x64
		{DF460EAB-570D-4B50-9089-2E2FC801BF38}.Release|x64.Build.0 = Release|x64
		{1E4BA5F7-6CDD-4CCD-8E95-7EDB1137B834}.Debug|Win32.ActiveCfg = Debug|Win32
		{1E4BA5F7-6CDD-4CCD-8E95-7EDB1137B834}.Debug|Win32.Build.0 = Debug|Win32
		{1E4BA5F7-6CDD-4CCD-8E95-7EDB1137B834}.Debug|x64.ActiveCfg = Debug|x64
		{1E4BA5F7-6CDD-4CCD-8E95-7EDB1137B834}.Debug|x64.Build.0 = Debug|x64
		{1E4BA5F7-6CDD-4CCD-8E95-7EDB1137B834}.Profile|Win32.ActiveCfg = Profile|Win32
		{1E4BA5F7-6CDD-4CCD-8E95-7EDB1137B834}.Profile|Win32.Build.0 = Profile|Win32
		{1E4BA5F7-6CDD-4CCD-8E95-7EDB1137B834}.Profile|x64.ActiveCfg = Profile|x64
		{1E4BA5F7-6CDD-4CCD-8E95-7EDB1137B834}.Profile|x64.Build.0 = Profile|x64
		{1E4BA5F7-6CDD-4CCD-8E95-7EDB1137B834}.Release|Win32.ActiveCfg = Release|Win32
		{1E4BA5F7-6CDD-4CCD-8E95-7EDB1137B834}.Release|Win32.Build.0 = Release|Win32
		{1E4BA5F7-6CDD-4CCD-8E95-7EDB1137B834}.Release|x64.ActiveCfg = Release|x64
		{1E4BA5F7-6CDD-4CCD-8E95-7EDB1137B834}.Release|x64.Build.0 = Release|x64
		{40ACE6B2-A1E8-4078-86F5-494C03BC7198}.Debug|Win32.ActiveCfg = Debug|Win32
		{40ACE6B2-A1E8-4078-86F5-494C03BC7198}.Debug|Win32.Build.0 = Debug|Win32
		{40ACE6B2-A1E8-4078-86F5-494C03BC7198}.Debug|x64.ActiveCfg = Debug|x64
		{40ACE6B2-A1E8-4078-86F5-494C03BC7198}.Debug|x64.Build.0 = Debug|x64
		{40ACE6B2-A1E8-4078-86F5-494C03BC7198}.Profile|Win32.ActiveCfg = Profile|Win32
		{40ACE6B2-A1E8-4078-86F5-494C03BC7198}.Profile|Win32.Build.0 = Profile|Win32
		{40ACE6B2-A1E8-4078-86F5-494C03BC7198}.Profile|x64.ActiveCfg = Profile|x64
		{40ACE6B2-A1E8-4078-86F5-494C03BC7198}.Profile|x64.Build.0 = Profile|x64
		{40ACE6B2-A1E8-4078-86F5-494C03BC7198}.Release|Win32.ActiveCfg = Release|Win32
		{40ACE6B2-A1E8-4078-86F5-494C03BC7198}.Release|Win32.Build.0 = Release|Win32
		{40ACE6B2-A1E8-4078-86F5-494C03BC7198}.Release|x64.ActiveCfg = Release|x64
		{40ACE6B2-A1E8-4078-86F5-494C03BC7198}.Release|x64.Build.0 = Release|x64
		{0D8EF822-E7C2-4B9B-B250-866B37DF2ECA}.Debug|Win32.ActiveCfg = Debug|Win32
		{0D8EF822-E7C2-4B9B-B250-866B37DF2ECA}.Debug|Win32.Build.0 = Debug|Win32
		{0D8EF822-E7C2-4B9B-B250-866B37DF2ECA}.Debug|x64.ActiveCfg = Debug|x64
		{0D8EF822-E7C2-4B9B-B250-866B37DF2ECA}.Debug|x64.Build.0 = Debug|x64
		{0D8EF822-E7C2-4B9B-B250-866B37DF2ECA}.Profile|Win32.ActiveCfg = Profile|Win32
		{0D8EF822-E7C2-4B9B-B250-866B37DF2ECA}.Profile|Win32.Build.0 = Profile|Win32
		{0D8EF822-E7C2-4B9B-B250-866B37DF2ECA}.Profile|x64.ActiveCfg = Profile|x64
		{0D8EF822-E7C2-4B9B-B250-866B37DF2ECA}.Profile|x64.Build.0 = Profile|x64
		{0D8EF822-E7C2-4B9B-B250-866B37DF2ECA}.Release|Win32.ActiveCfg = Release|Win32
		{0D8EF822-E7C2-4B9B-B250-866B37DF2ECA}.Release|Win32.Build.0 = Release|Win32
		{0D8EF822-E7C2-4B9B-B250-866B37DF2ECA}.Release|x64.ActiveCfg = Release|x64
		{0D8EF822-E7C2-4B9B-B250-866B37DF2ECA}.Release|x64.Build.0 = Release|x64
		{96F3A665-B59C-4329-AFB1-63B16A724630}.Debug|Win32.ActiveCfg = Debug|Win32
		{96F3A665-B59C-4329-AFB1-63B16A724630}.Debug|Win32.Build.0 = Debug|Win32
		{96F3A665-B59C-4329-AFB1-63B16A724630}.Debug|x64.ActiveCfg = Debug|x64
		{96F3A665-B59C-4329-AFB1-63B16A724630}.Debug|x64.Build.0 = Debug|x64
		{96F3A665-B59C-4329-AFB1-63B16A724630}.Profile|Win32.ActiveCfg = Profile|Win32
		{96F3A665-B59C-4329-AFB1-63B16A724630}.Profile|Win32.Build.0 = Profile|Win32
		{96F3A665-B59C-4329-AFB1-63B16A724630}.Profile|x64.ActiveCfg = Profile|x64
		{96F3A665-B59C-4329-AFB1-63B16A724630}.Profile|x64.Build.0 = Profile|x64
		{96F3A665-B59C-4329-AFB1-63B16A724630}.Release|Win32.ActiveCfg = Release|Win32
		{96F3A665-B59C-4329-AFB1-63B16A724630}.Release|Win32.Build.0 = Release|Win32
		{96F3A665-B59C-4329-AFB1-63B16A724630}.Release|x64.ActiveCfg = Release|x64
		{96F3A665-B59C-4329-AFB1-63B16A724630}.Release|x64.Build.0 = Release|x64
		{AF0F23D1-0F1F-454C-9962-097434239C20}.Debug|Win32.ActiveCfg = Debug|Win32
		{AF0F23D1-0F1F-454C-9962-097434239C20}.Debug|Win32.Build.0 = Debug|Win32
		{AF0F23D1-0F1F-454C-9962-097434239C20}.Debug|x64.ActiveCfg = Debug|x64
		{AF0F23D1-0F1F-454C-9962-097434239C20}.Debug|x64.Build.0 = Debug|x64
		{AF0F23D1-0F1F-454C-9962-097434239C20}.Profile|Win32.ActiveCfg = Profile|Win32
		{AF0F23D1-0F1F-454C-9962-097434239C20}.Profile|Win32.Build.0 = Profile|Win32
		{AF0F23D1-0F1F-454C-9962-097434239C20}.Profile|x64.ActiveCfg = Profile|x64
		{AF0F23D1-0F1F-454C-9962-097434239C20}.Profile|x64.Build.0 = Profile|x64
		{AF0F23D1-0F1F-454C-9962-097434239C20}.Release|Win32.ActiveCfg = Release|Win32
		{AF0F23D1-0F1F-454C-9962-097434239C20}.Release|Win32.Build.0 = Release|Win32
		{AF0F23D1-0F1F-454C-9962-097434239C20}.Release|x64.ActiveCfg = Release|x64
		{AF0F23D1-0F1F-454C-9962-097434239C20}.Release|x64.Build.0 = Release|x64
		{1B07506A-99A7-421B-8CF5-B6B68DA4ACFB}.Debug|Win32.ActiveCfg = Debug|Win32
		{1B07506A-99A7-421B-8CF5-B6B68DA4ACFB}.Debug|Win32.Build.0 = Debug|Win32
		{1B07506A-99A7-421B-8CF5-B6B68DA4ACFB}.Debug|x64.ActiveCfg = Debug|x64
		{1B07506A-99A7-421B-8CF5-B6B68DA4ACFB}.Debug|x64.Build.0 = Debug|x64
		{1B07506A-99A7-421B-8CF5-B6B68DA4ACFB}.Profile|Win32.ActiveCfg = Profile|Win32
		{1B07506A-99A7-421B-8CF5-B6B68DA4ACFB}.Profile|Win32.Build.0 = Profile|Win32
		{1B07506A-99A7-421B-8CF5-B6B68DA4ACFB}.Profile|x64.ActiveCfg = Profile|x64
		{1B07506A-99A7-421B-8CF5-B6B68DA4ACFB}.Profile|x64.Build.0 = Profile|x64
		{1B07506A-99A7-421B-8CF5-B6B68DA4ACFB}.Release|Win32.ActiveCfg = Release|Win32
		{1B07506A-99A7-421B-8CF5-B6B68DA4ACFB}.Release|Win32.Build.0 = Release|Win32
		{1B07506A-99A7-421B-8CF5-B6B68DA4ACFB}.Release|x64.ActiveCfg = Release|x64
		{1B07506A-99A7-421B-8CF5-B6B68DA4ACFB}.Release|x64.Build.0 = Release|x64
		{C35A2412-4477-42EE-8883-2BFF5AF483EE}.Debug|Win32.ActiveCfg = Debug|Win32
		{C35A2412-4477-42EE-8883-2BFF5AF483EE}.Debug|Win32.Build.0 = Debug|Win32
		{C35A2412-4477-42EE-8883-2BFF5AF483EE}.Debug|x64.ActiveCfg = Debug|x64
		{C35A2412-4477-42EE-8883-2BFF5AF483EE}.Debug|x64.Build.0 = Debug|x64
		{C35A2412-4477-42EE-8883-2BFF5AF483EE}.Profile|Win32.ActiveCfg = Profile|Win32
		{C35A2412-4477-42EE-8883-2BFF5AF483EE}.Profile|Win32.Build.0 = Profile|Win32
		{C35A2412-4477-42EE-8883-2BFF5AF483EE}.Profile|x64.ActiveCfg = Profile|x64
		{C35A2412-4477-42EE-8883-2BFF5AF483EE}.Profile|x64.Build.0 = Profile|x64
		{C35A2412-4477-42EE-8883-2BFF5AF483EE}.Release|Win32.ActiveCfg = Release|Win32
		{C35A2412-4477-42EE-8883-2BFF5AF483EE}.Release|Win32.Build.0 = Release|Win32
		{C35A2412-4477-42EE-8883-2BFF5AF483EE}.Release|x64.ActiveCfg = Release|x64
		{C35A2412-4477-42EE-8883-2BFF5AF483EE}.Release|x64.Build.0 = Release|x64
		{BB594477-3EA8-4302-B2E2-3FF96D96623A}.Debug|Win32.ActiveCfg = Debug|Win32
		{BB594477-3EA8-4302-B2E2-3FF96D96623A}.Debug|Win32.Build.0 = Debug|Win32
		{BB594477-3EA8-4302-B2E2-3FF96D96623A}.Debug|x64.ActiveCfg = Debug|x64
		{BB594477-3EA8-4302-B2E2-3FF96D96623A}.Debug|x64.Build.0 = Debug|x64
		{BB594477-3EA8-4302-B2E2-3FF96D96623A}.Profile|Win32.ActiveCfg = Profile|Win32
		{BB594477-3EA8-4302-B2E2-3FF96D96623A}.Profile|Win32.Build.0 = Profile|Win32
		{BB594477-3EA8-4302-B2E2-3FF96D96623A}.Profile|x64.ActiveCfg = Profile|x64
		{BB594477-3EA8-4302-B2E2-3FF96D96623A}.Profile|x64.Build.0 = Profile|x64
		{BB594477-3EA8-4302-B2E2-3FF96D96623A}.Release|Win32.ActiveCfg = Release|Win32
		{BB594477-3EA8-4302-B2E2-3FF96D96623A}.Release|Win32.Build.0 = Release|Win32
		{BB594477-3EA8-4302-B2E2-3FF96D96623A}.Release|x64.ActiveCfg = Release|x64
		{BB594477-3EA8-4302-B2E2-3FF96D96623A}.Release|x64.Build.0 = Release|x64
		{382A2B10-2302-4617-9A32-364DA9B4F409}.Debug|Win32.ActiveCfg = Debug|Win32
		{382A2B10-2302-4617-9A32-364DA9B4F409}.Debug|Win32.Build.0 = Debug|Win32
		{382A2B10-2302-4617-9A32-364DA9B4F409}.Debug|x64.ActiveCfg = Debug|x64
		{382A2B10-2302-4617-9A32-364DA9B4F409}.Debug|x64.Build.0 = Debug|x64
		{382A2B10-2302-4617-9A32-364DA9B4F409}.Profile|Win32.ActiveCfg = Profile|Win32
		{382A2B10-2302-4617-9A32-364DA9B4F409}.Profile|Win32.Build.0 = Profile|Win32
		{382A2B10-2302-4617-9A32-364DA9B4F409}.Profile|x64.ActiveCfg = Profile|x64
		{382A2B10-2302-4617-9A32-364DA9B4F409}.Profile|x64.Build.0 = Profile|x64
		{382A2B10-2302-4617-9A32-364DA9B4F409}.Release|Win32.ActiveCfg = Release|Win32
		{382A2B10-2302-4617-9A32-364DA9B4F409}.Release|Win32.Build.0 = Release|Win32
		{382A2B10-2302-4617-9A32-364DA9B4F409}.Release|x64.ActiveCfg = Release|x64
		{382A2B10-2302-4617-9A32-364DA9B4F409}.Release|x64.Build.0 = Release|x64
		{2224F7B8-1EBE-4E8E-94E1-0AEACBD0C316}.Debug|Win32.ActiveCfg = Debug|Win32
		{2224F7B8-1EBE-4E8E-94E1-0AEACBD0C316}.Debug|Win32.Build.0 = Debug|Win32
		{2224F7B8-1EBE-4E8E-94E1-0AEACBD0C316}.Debug|x64.ActiveCfg = Debug|x64
		{2224F7B8-1EBE-4E8E-94E1-0AEACBD0C316}.Debug|x64.Build.0 = Debug|x64
		{2224F7B8-1EBE-4E8E-94E1-0AEACBD0C316}.Profile|Win32.ActiveCfg = Profile|Win32
		{2224F7B8-1EBE-4E8E-94E1-0AEACBD0C316}.Profile|Win32.Build.0 = Profile|Win32
		{2224F7B8-1EBE-4E8E-94E1-0AEACBD0C316}.Profile|x64.ActiveCfg = Profile|x64
		{2224F7B8-1EBE-4E8E-94E1-0AEACBD0C316}.Profile|x64.Build.0 = Profile|x64
		{2224F7B8-1EBE-4E8E-94E1-0AEACBD0C316}.Release|Win32.ActiveCfg = Release|Win32
		{2224F7B8-1EBE-4E8E-94E1-0AEACBD0C316}.Release|Win32.Build.0 = Release|Win32
		{2224F7B8-1EBE-4E8E-94E1-0AEACBD0C316}.Release|x64.ActiveCfg = Release|x64
		{2224F7B8-1EBE-4E8E-94E1-0AEACBD0C316}.Release|x64.Build.0 = Release|x64
		{B2491E16-3F04-4EE4-AFA4-470BEB10501A}.Debug|Win32.ActiveCfg = Debug|Win32
		{B2491E16-3F04-4EE4-AFA4-470BEB10501A}.Debug|Win32.Build.0 = Debug|Win32
		{B2491E16-3F04-4EE4-AFA4-470BEB10501A}.Debug|x64.ActiveCfg = Debug|x64
		{B2491E16-3F04-4EE4-AFA4-470BEB10501A}.Debug|x64.Build.0 = Debug|x64
		{B2491E16-3F04-4EE4-AFA4-470BEB10501A}.Profile|Win32.ActiveCfg = Profile|Win32
		{B2491E16-3F04-4EE4-AFA4-470BEB10501A}.Profile|Win32.Build.0 = Profile|Win32
		{B2491E16-3F04-4EE4-AFA4-470BEB10501A}.Profile|x64.ActiveCfg = Profile|x64
		{B2491E16-3F04-4EE4-AFA4-470BEB10501A}.Profile|x64.Build.0 = Profile|x64
		{B2491E16-3F04-4EE4-AFA4-470BEB10501A}.Release|Win32.ActiveCfg = Release|Win32
		{B2491E16-3F04-4EE4-AFA4-470BEB10501A}.Release|Win32.Build.0 = Release|Win32
		{B2491E16-3F04-4EE4-AFA4-470BEB10501A}.Release|x64.ActiveCfg = Release|x64
		{B2491E16-3F04-4EE4-AFA4-470BEB10501A}.Release|x64.Build.0 = Release|x64
		{CE390AE5-4657-4948-B640-2C498A554436}.Debug|Win32.ActiveCfg = Debug|Win32
		{CE390AE5-4657-4948-B640-2C498A554436}.Debug|Win32.Build.0 = Debug|Win32
		{CE390AE5-4657-4948-B640-2C498A554436}.Debug|x64.ActiveCfg = Debug|x64
		{CE390AE5-4657-4948-B640-2C498A554436}.Debug|x64.Build.0 = Debug|x64
		{CE390AE5-4657-4948-B640-2C498A554436}.Profile|Win32.ActiveCfg = Profile|Win32
		{CE390AE5-4657-4948-B640-2C498A554436}.Profile|Win32.Build.0 = Profile|Win32
		{CE390AE5-4657-4948-B640-2C498A554436}.Profile|x64.ActiveCfg = Profile|x64
		{CE390AE5-4657-4948-B640-2C498A554436}.Profile|x64.Build.0 = Profile|x64
		{CE390AE5-4657-4948-B640-2C498A554436}.Release|Win32.ActiveCfg = Release|Win32
		{CE390AE5-4657-4948-B640-2C498A554436}.Release|Win32.Build.0 = Release|Win32
		{CE390AE5-4657-4948-B640-2C498A554436}.Release|x64.ActiveCfg = Release|x64
		{CE390AE5-4657-4948-B640-2C498A554436}.Release|x64.Build.0 = Release|x64
		{CB50B522-876F-4B70-9EC4-5B0C735323D9}.Debug|Win32.ActiveCfg = Debug|Win32
		{CB50B522-876F-4B70-9EC4-5B0C735323D9}.Debug|Win32.Build.0 = Debug|Win32
		{CB50B522-876F-4B70-9EC4-5B0C735323D9}.Debug|x64.ActiveCfg = Debug|Win32
		{CB50B522-876F-4B70-9EC4-5B0C735323D9}.Profile|Win32.ActiveCfg = Release|Win32
		{CB50B522-876F-4B70-9EC4-5B0C735323D9}.Profile|Win32.Build.0 = Release|Win32
		{CB50B522-876F-4B70-9EC4-5B0C735323D9}.Profile|x64.ActiveCfg = Release|Win32
		{CB50B522-876F-4B70-9EC4-5B0C735323D9}.Release|Win32.ActiveCfg = Release|Win32
		{CB50B522-876F-4B70-9EC4-5B0C735323D9}.Release|Win32.Build.0 = Release|Win32
		{CB50B522-876F-4B70-9EC4-5B0C735323D9}.Release|x64.ActiveCfg = Release|Win32
		{3B740CD6-BFE4-4CC7-B976-74F9D41B9C7C}.Debug|Win32.ActiveCfg = Debug|Win32
		{3B740CD6-BFE4-4CC7-B976-74F9D41B9C7C}.Debug|Win32.Build.0 = Debug|Win32
		{3B740CD6-BFE4-4CC7-B976-74F9D41B9C7C}.Debug|x64.ActiveCfg = Debug|x64
		{3B740CD6-BFE4-4CC7-B976-74F9D41B9C7C}.Debug|x64.Build.0 = Debug|x64
		{3B740CD6-BFE4-4CC7-B976-74F9D41B9C7C}.Profile|Win32.ActiveCfg = Profile|Win32
		{3B740CD6-BFE4-4CC7-B976-74F9D41B9C7C}.Profile|Win32.Build.0 = Profile|Win32
		{3B740CD6-BFE4-4CC7-B976-74F9D41B9C7C}.Profile|x64.ActiveCfg = Profile|x64
		{3B740CD6-BFE4-4CC7-B976-74F9D41B9C7C}.Profile|x64.Build.0 = Profile|x64
		{3B740CD6-BFE4-4CC7-B976-74F9D41B9C7C}.Release|Win32.ActiveCfg = Release|Win32
		{3B740CD6-BFE4-4CC7-B976-74F9D41B9C7C}.Release|Win32.Build.0 = Release|Win32
		{3B740CD6-BFE4-4CC7-B976-74F9D41B9C7C}.Release|x64.ActiveCfg = Release|x64
		{3B740CD6-BFE4-4CC7-B976-74F9D41B9C7C}.Release|x64.Build.0 = Release|x64
		{B261EBCC-332B-4C9D-95AC-415109C49420}.Debug|Win32.ActiveCfg = Debug|Win32
		{B261EBCC-332B-4C9D-95AC-415109C49420}.Debug|Win32.Build.0 = Debug|Win32
		{B261EBCC-332B-4C9D-95AC-415109C49420}.Debug|x64.ActiveCfg = Debug|x64
		{B261EBCC-332B-4C9D-95AC-415109C49420}.Debug|x64.Build.0 = Debug|x64
		{B261EBCC-332B-4C9D-95AC-415109C49420}.Profile|Win32.ActiveCfg = Profile|Win32
		{B261EBCC-332B-4C9D-95AC-415109C49420}.Profile|Win32.Build.0 = Profile|Win32
		{B261EBCC-332B-4C9D-95AC-415109C49420}.Profile|x64.ActiveCfg = Profile|x64
		{B261EBCC-332B-4C9D-95AC-415109C49420}.Profile|x64.Build.0 = Profile|x64
		{B261EBCC-332B-4C9D-95AC-415109C49420}.Release|Win32.ActiveCfg = Release|Win32
		{B261EBCC-332B-4C9D-95AC-415109C49420}.Release|Win32.Build.0 = Release|Win32
		{B261EBCC-332B-4C9D-95AC-415109C49420}.Release|x64.ActiveCfg = Release|x64
		{B261EBCC-332B-4C9D-95AC-415109C49420}.Release|x64.Build.0 = Release|x64
		{4C5DEE87-7953-4343-8072-C4ED26BFA7EC}.Debug|Win32.ActiveCfg = Debug|Win32
		{4C5DEE87-7953-4343-8072-C4ED26BFA7EC}.Debug|Win32.Build.0 = Debug|Win32
		{4C5DEE87-7953-4343-8072-C4ED26BFA7EC}.Debug|x64.ActiveCfg = Debug|x64
		{4C5DEE87-7953-4343-8072-C4ED26BFA7EC}.Debug|x64.Build.0 = Debug|x64
		{4C5DEE87-7953-4343-8072-C4ED26BFA7EC}.Profile|Win32.ActiveCfg = Profile|Win32
		{4C5DEE87-7953-4343-8072-C4ED26BFA7EC}.Profile|Win32.Build.0 = Profile|Win32
		{4C5DEE87-7953-4343-8072-C4ED26BFA7EC}.Profile|x64.ActiveCfg = Profile|x64
		{4C5DEE87-7953-4343-8072-C4ED26BFA7EC}.Profile|x64.Build.0 = Profile|x64
		{4C5DEE87-7953-4343-8072-C4ED26BFA7EC}.Release|Win32.ActiveCfg = Release|Win32
		{4C5DEE87-7953-4343-8072-C4ED26BFA7EC}.Release|Win32.Build.0 = Release|Win32
		{4C5DEE87-7953-4343-8072-C4ED26BFA7EC}.Release|x64.ActiveCfg = Release|x64
		{4C5DEE87-7953-4343-8072-C4ED26BFA7EC}.Release|x64.Build.0 = Release|x64
	EndGlobalSection
	GlobalSection(SolutionProperties) = preSolution
		HideSolutionNode = FALSE
	EndGlobalSection
EndGlobal
