<?xml version="1.0" encoding="utf-8"?>
<Project ToolsVersion="4.0" xmlns:atg="http://atg.xbox.com" xmlns="http://schemas.microsoft.com/developer/msbuild/2003">
  <ItemGroup>
    <Filter Include="Resource Files">
      <UniqueIdentifier>{8e114980-c1a3-4ada-ad7c-83caadf5daeb}</UniqueIdentifier>
      <Extensions>rc;ico;cur;bmp;dlg;rc2;rct;bin;rgs;gif;jpg;jpeg;jpe</Extensions>
    </Filter>
    <Filter Include="DXUT">
      <UniqueIdentifier>{a43c5c25-0e86-4a20-b64a-883785ff74fd}</UniqueIdentifier>
    </Filter>
    <Filter Include="App">
      <UniqueIdentifier>{93d143b9-b1da-4006-aa61-bd567de04417}</UniqueIdentifier>
    </Filter>
    <Filter Include="Mesh">
      <UniqueIdentifier>{ddbfd2ca-a7e9-4dfb-a686-36fb2effb9d2}</UniqueIdentifier>
    </Filter>
    <Filter Include="Math">
      <UniqueIdentifier>{52d3e48e-d240-4915-8092-deedb3a011d4}</UniqueIdentifier>
    </Filter>
    <Filter Include="Cam">
      <UniqueIdentifier>{91bb2ebf-261d-43c3-8967-9af9dfda19d4}</UniqueIdentifier>
    </Filter>
    <Filter Include="Sas">
      <UniqueIdentifier>{c26e134f-5fa0-45b7-a113-5d4f1ad9b44e}</UniqueIdentifier>
    </Filter>
  </ItemGroup>
  <ItemGroup>
    <None Include="DXUT\Optional\directx.ico">
      <Filter>Resource Files</Filter>
    </None>
    <ClInclude Include="DXUT\Core\DXUT.h">
      <Filter>DXUT</Filter>
    </ClInclude>
    <ClInclude Include="DXUT\Core\DXUTDevice11.h">
      <Filter>DXUT</Filter>
    </ClInclude>
    <ClInclude Include="DXUT\Core\DXUTDevice9.h">
      <Filter>DXUT</Filter>
    </ClInclude>
    <ClInclude Include="DXUT\Core\DXUTmisc.h">
      <Filter>DXUT</Filter>
    </ClInclude>
    <ClCompile Include="DXUT\Core\DXUT.cpp">
      <Filter>DXUT</Filter>
    </ClCompile>
    <ClCompile Include="DXUT\Core\DXUTDevice11.cpp">
      <Filter>DXUT</Filter>
    </ClCompile>
    <ClCompile Include="DXUT\Core\DXUTDevice9.cpp">
      <Filter>DXUT</Filter>
    </ClCompile>
    <ClCompile Include="DXUT\Core\DXUTmisc.cpp">
      <Filter>DXUT</Filter>
    </ClCompile>
    <ClInclude Include="DXUT\Optional\DXUTcamera.h">
      <Filter>DXUT</Filter>
    </ClInclude>
    <ClInclude Include="DXUT\Optional\DXUTgui.h">
      <Filter>DXUT</Filter>
    </ClInclude>
    <ClInclude Include="DXUT\Optional\DXUTres.h">
      <Filter>DXUT</Filter>
    </ClInclude>
    <ClInclude Include="DXUT\Optional\DXUTsettingsdlg.h">
      <Filter>DXUT</Filter>
    </ClInclude>
    <ClInclude Include="DXUT\Optional\SDKmesh.h">
      <Filter>DXUT</Filter>
    </ClInclude>
    <ClInclude Include="DXUT\Optional\SDKmisc.h">
      <Filter>DXUT</Filter>
    </ClInclude>
    <ClCompile Include="DXUT\Optional\DXUTcamera.cpp">
      <Filter>DXUT</Filter>
    </ClCompile>
    <ClCompile Include="DXUT\Optional\DXUTgui.cpp">
      <Filter>DXUT</Filter>
    </ClCompile>
    <ClCompile Include="DXUT\Optional\DXUTres.cpp">
      <Filter>DXUT</Filter>
    </ClCompile>
    <ClCompile Include="DXUT\Optional\DXUTsettingsdlg.cpp">
      <Filter>DXUT</Filter>
    </ClCompile>
    <ClCompile Include="DXUT\Optional\SDKmesh.cpp">
      <Filter>DXUT</Filter>
    </ClCompile>
    <ClCompile Include="DXUT\Optional\SDKmisc.cpp">
      <Filter>DXUT</Filter>
    </ClCompile>
  </ItemGroup>
  <ItemGroup>
    <ClCompile Include="App\App.cpp">
      <Filter>App</Filter>
    </ClCompile>
    <ClCompile Include="App\convertutf.c">
      <Filter>App</Filter>
    </ClCompile>
    <ClCompile Include="App\EffectInclude.cpp">
      <Filter>App</Filter>
    </ClCompile>
    <ClCompile Include="App\SystemEnvironment.cpp">
      <Filter>App</Filter>
    </ClCompile>
    <ClCompile Include="App\UtfConverter.cpp">
      <Filter>App</Filter>
    </ClCompile>
    <ClCompile Include="Mesh\Binder.cpp">
      <Filter>Mesh</Filter>
    </ClCompile>
    <ClCompile Include="Mesh\Bound.cpp">
      <Filter>Mesh</Filter>
    </ClCompile>
    <ClCompile Include="Mesh\Flip.cpp">
      <Filter>Mesh</Filter>
    </ClCompile>
    <ClCompile Include="Mesh\GeometryLoader.cpp">
      <Filter>Mesh</Filter>
    </ClCompile>
    <ClCompile Include="Mesh\Importer.cpp">
      <Filter>Mesh</Filter>
    </ClCompile>
    <ClCompile Include="Mesh\Indexed.cpp">
      <Filter>Mesh</Filter>
    </ClCompile>
    <ClCompile Include="Mesh\Instanced.cpp">
      <Filter>Mesh</Filter>
    </ClCompile>
    <ClCompile Include="Mesh\Material.cpp">
      <Filter>Mesh</Filter>
    </ClCompile>
    <ClCompile Include="Mesh\Mien.cpp">
      <Filter>Mesh</Filter>
    </ClCompile>
    <ClCompile Include="Mesh\Multi.cpp">
      <Filter>Mesh</Filter>
    </ClCompile>
    <ClCompile Include="Mesh\Nothing.cpp">
      <Filter>Mesh</Filter>
    </ClCompile>
    <ClCompile Include="Mesh\Shaded.cpp">
      <Filter>Mesh</Filter>
    </ClCompile>
    <ClCompile Include="Mesh\VertexStream.cpp">
      <Filter>Mesh</Filter>
    </ClCompile>
    <ClCompile Include="Math\constants.cpp">
      <Filter>Math</Filter>
    </ClCompile>
    <ClCompile Include="Cam\FirstPerson.cpp">
      <Filter>Cam</Filter>
    </ClCompile>
    <ClCompile Include="Cam\Fixed.cpp">
      <Filter>Cam</Filter>
    </ClCompile>
  </ItemGroup>
  <ItemGroup>
    <CLInclude Include="resource.h">
      <Filter>Resource Files</Filter>
    </CLInclude>
    <ResourceCompile Include="Egg.rc">
      <Filter>Resource Files</Filter>
    </ResourceCompile>
    <ClInclude Include="App\App.h">
      <Filter>App</Filter>
    </ClInclude>
    <ClInclude Include="App\convertutf.h">
      <Filter>App</Filter>
    </ClInclude>
    <ClInclude Include="App\EffectInclude.h">
      <Filter>App</Filter>
    </ClInclude>
    <ClInclude Include="App\stdConversions.h">
      <Filter>App</Filter>
    </ClInclude>
    <ClInclude Include="App\SystemEnvironment.h">
      <Filter>App</Filter>
    </ClInclude>
    <ClInclude Include="App\ThrowOnFail.h">
      <Filter>App</Filter>
    </ClInclude>
    <ClInclude Include="App\UtfConverter.h">
      <Filter>App</Filter>
    </ClInclude>
    <ClInclude Include="Mesh\Binder.h">
      <Filter>Mesh</Filter>
    </ClInclude>
    <ClInclude Include="Mesh\Bound.h">
      <Filter>Mesh</Filter>
    </ClInclude>
    <ClInclude Include="Mesh\D3DEnumOps.h">
      <Filter>Mesh</Filter>
    </ClInclude>
    <ClInclude Include="Mesh\Flip.h">
      <Filter>Mesh</Filter>
    </ClInclude>
    <ClInclude Include="Mesh\Geometry.h">
      <Filter>Mesh</Filter>
    </ClInclude>
    <ClInclude Include="Mesh\GeometryLoader.h">
      <Filter>Mesh</Filter>
    </ClInclude>
    <ClInclude Include="Mesh\Importer.h">
      <Filter>Mesh</Filter>
    </ClInclude>
    <ClInclude Include="Mesh\Indexed.h">
      <Filter>Mesh</Filter>
    </ClInclude>
    <ClInclude Include="Mesh\Instanced.h">
      <Filter>Mesh</Filter>
    </ClInclude>
    <ClInclude Include="Mesh\Material.h">
      <Filter>Mesh</Filter>
    </ClInclude>
    <ClInclude Include="Mesh\Mien.h">
      <Filter>Mesh</Filter>
    </ClInclude>
    <ClInclude Include="Mesh\Multi.h">
      <Filter>Mesh</Filter>
    </ClInclude>
    <ClInclude Include="Mesh\Nothing.h">
      <Filter>Mesh</Filter>
    </ClInclude>
    <ClInclude Include="Mesh\Shaded.h">
      <Filter>Mesh</Filter>
    </ClInclude>
    <ClInclude Include="Mesh\VertexStream.h">
      <Filter>Mesh</Filter>
    </ClInclude>
    <ClInclude Include="Math\bool1.h">
      <Filter>Math</Filter>
    </ClInclude>
    <ClInclude Include="Math\bool2.h">
      <Filter>Math</Filter>
    </ClInclude>
    <ClInclude Include="Math\bool3.h">
      <Filter>Math</Filter>
    </ClInclude>
    <ClInclude Include="Math\bool4.h">
      <Filter>Math</Filter>
    </ClInclude>
    <ClInclude Include="Math\boolswizzle.h">
      <Filter>Math</Filter>
    </ClInclude>
    <ClInclude Include="Math\float1.h">
      <Filter>Math</Filter>
    </ClInclude>
    <ClInclude Include="Math\float2.h">
      <Filter>Math</Filter>
    </ClInclude>
    <ClInclude Include="Math\float2swizzle.h">
      <Filter>Math</Filter>
    </ClInclude>
    <ClInclude Include="Math\float3.h">
      <Filter>Math</Filter>
    </ClInclude>
    <ClInclude Include="Math\float3swizzle.h">
      <Filter>Math</Filter>
    </ClInclude>
    <ClInclude Include="Math\float4.h">
      <Filter>Math</Filter>
    </ClInclude>
    <ClInclude Include="Math\float4swizzle.h">
      <Filter>Math</Filter>
    </ClInclude>
    <ClInclude Include="Math\float4x4.h">
      <Filter>Math</Filter>
    </ClInclude>
    <ClInclude Include="Math\floatswizzle.h">
      <Filter>Math</Filter>
    </ClInclude>
    <ClInclude Include="Math\int1.h">
      <Filter>Math</Filter>
    </ClInclude>
    <ClInclude Include="Math\int2.h">
      <Filter>Math</Filter>
    </ClInclude>
    <ClInclude Include="Math\int3.h">
      <Filter>Math</Filter>
    </ClInclude>
    <ClInclude Include="Math\int4.h">
      <Filter>Math</Filter>
    </ClInclude>
    <ClInclude Include="Math\intswizzle.h">
      <Filter>Math</Filter>
    </ClInclude>
    <ClInclude Include="Math\math.h">
      <Filter>Math</Filter>
    </ClInclude>
    <ClInclude Include="Cam\Base.h">
      <Filter>Cam</Filter>
    </ClInclude>
    <ClInclude Include="Cam\FirstPerson.h">
      <Filter>Cam</Filter>
    </ClInclude>
    <ClInclude Include="Cam\Fixed.h">
      <Filter>Cam</Filter>
    </ClInclude>
  </ItemGroup>
  <ItemGroup>
  </ItemGroup>
</Project>